
Microsoft Visual Studio Solution File, Format Version 11.00
# Visual Studio 2010
Project("{FAE04EC0-301F-11D3-BF4B-00C04F79EFBC}") = "Unity_BuildAsset", "Assembly-CSharp.csproj", "{A891062F-72E0-F2C9-5ACD-F438C0779B8B}"
EndProject
Project("{FAE04EC0-301F-11D3-BF4B-00C04F79EFBC}") = "Unity_BuildAsset", "Assembly-CSharp-Editor.csproj", "{72F71D10-6978-CCA2-C4D6-CEA198F69B3D}"
EndProject
Global
	GlobalSection(SolutionConfigurationPlatforms) = preSolution
		Debug|Any CPU = Debug|Any CPU
		Release|Any CPU = Release|Any CPU
	EndGlobalSection
	GlobalSection(ProjectConfigurationPlatforms) = postSolution
		{A891062F-72E0-F2C9-5ACD-F438C0779B8B}.Debug|Any CPU.ActiveCfg = Debug|Any CPU
		{A891062F-72E0-F2C9-5ACD-F438C0779B8B}.Debug|Any CPU.Build.0 = Debug|Any CPU
		{A891062F-72E0-F2C9-5ACD-F438C0779B8B}.Release|Any CPU.ActiveCfg = Release|Any CPU
		{A891062F-72E0-F2C9-5ACD-F438C0779B8B}.Release|Any CPU.Build.0 = Release|Any CPU
		{72F71D10-6978-CCA2-C4D6-CEA198F69B3D}.Debug|Any CPU.ActiveCfg = Debug|Any CPU
		{72F71D10-6978-CCA2-C4D6-CEA198F69B3D}.Debug|Any CPU.Build.0 = Debug|Any CPU
		{72F71D10-6978-CCA2-C4D6-CEA198F69B3D}.Release|Any CPU.ActiveCfg = Release|Any CPU
		{72F71D10-6978-CCA2-C4D6-CEA198F69B3D}.Release|Any CPU.Build.0 = Release|Any CPU
	EndGlobalSection
	GlobalSection(SolutionProperties) = preSolution
		HideSolutionNode = FALSE
	EndGlobalSection
	GlobalSection(MonoDevelopProperties) = preSolution
		StartupItem = Assembly-CSharp.csproj
	EndGlobalSection
EndGlobal
